
Microsoft Visual Studio Solution File, Format Version 12.00
# Visual Studio 15
VisualStudioVersion = 15.0.28307.757
MinimumVisualStudioVersion = 10.0.40219.1
Project("{FAE04EC0-301F-11D3-BF4B-00C04F79EFBC}") = "LTGD_Week09", "LTGD_Week09\LTGD_Week09.csproj", "{FA9479FE-FE3D-46A0-9D3D-DB3D0DEA64C5}"
EndProject
Project("{FAE04EC0-301F-11D3-BF4B-00C04F79EFBC}") = "LTGD_Week09_01", "..\..\..\..\..\Desktop\BTTuan7-20191105T031927Z-001\BTTuan7\BTTuan7_Bai1\LTGD_Week09_01.csproj", "{C38D1984-699D-401A-BC00-0A0F38471CD7}"
EndProject
Project("{FAE04EC0-301F-11D3-BF4B-00C04F79EFBC}") = "LTGD_Week09_02", "..\..\..\..\..\Desktop\Week8_1-20191105T032033Z-001\Week8_1\LTGD_Week09_02.csproj", "{A4FC9EDC-A1CD-42B8-812A-FF29A3714140}"
EndProject
Global
	GlobalSection(SolutionConfigurationPlatforms) = preSolution
		Debug|Any CPU = Debug|Any CPU
		Release|Any CPU = Release|Any CPU
	EndGlobalSection
	GlobalSection(ProjectConfigurationPlatforms) = postSolution
		{FA9479FE-FE3D-46A0-9D3D-DB3D0DEA64C5}.Debug|Any CPU.ActiveCfg = Debug|Any CPU
		{FA9479FE-FE3D-46A0-9D3D-DB3D0DEA64C5}.Debug|Any CPU.Build.0 = Debug|Any CPU
		{FA9479FE-FE3D-46A0-9D3D-DB3D0DEA64C5}.Release|Any CPU.ActiveCfg = Release|Any CPU
		{FA9479FE-FE3D-46A0-9D3D-DB3D0DEA64C5}.Release|Any CPU.Build.0 = Release|Any CPU
		{C38D1984-699D-401A-BC00-0A0F38471CD7}.Debug|Any CPU.ActiveCfg = Debug|Any CPU
		{C38D1984-699D-401A-BC00-0A0F38471CD7}.Debug|Any CPU.Build.0 = Debug|Any CPU
		{C38D1984-699D-401A-BC00-0A0F38471CD7}.Release|Any CPU.ActiveCfg = Release|Any CPU
		{C38D1984-699D-401A-BC00-0A0F38471CD7}.Release|Any CPU.Build.0 = Release|Any CPU
		{A4FC9EDC-A1CD-42B8-812A-FF29A3714140}.Debug|Any CPU.ActiveCfg = Debug|Any CPU
		{A4FC9EDC-A1CD-42B8-812A-FF29A3714140}.Debug|Any CPU.Build.0 = Debug|Any CPU
		{A4FC9EDC-A1CD-42B8-812A-FF29A3714140}.Release|Any CPU.ActiveCfg = Release|Any CPU
		{A4FC9EDC-A1CD-42B8-812A-FF29A3714140}.Release|Any CPU.Build.0 = Release|Any CPU
	EndGlobalSection
	GlobalSection(SolutionProperties) = preSolution
		HideSolutionNode = FALSE
	EndGlobalSection
	GlobalSection(ExtensibilityGlobals) = postSolution
		SolutionGuid = {954D0FBB-9C7B-45F0-8118-33BC4950D5D1}
	EndGlobalSection
EndGlobal
