
Microsoft Visual Studio Solution File, Format Version 12.00
# Visual Studio 15
VisualStudioVersion = 15.0.28307.757
MinimumVisualStudioVersion = 10.0.40219.1
Project("{FAE04EC0-301F-11D3-BF4B-00C04F79EFBC}") = "LTGD_Week01", "LTGD_Week01\LTGD_Week01.csproj", "{CA9B585B-A863-4150-B689-D91C72B72D1C}"
EndProject
Project("{FAE04EC0-301F-11D3-BF4B-00C04F79EFBC}") = "LTGD_Week01_Bai2", "LTGD_Week01_Bai2\LTGD_Week01_Bai2.csproj", "{CDF680A7-A1E0-48C2-802D-2BD6F80812EE}"
EndProject
Project("{FAE04EC0-301F-11D3-BF4B-00C04F79EFBC}") = "LTGD_Week01_Bai3", "LTGD_Week01_Bai3\LTGD_Week01_Bai3.csproj", "{373B4280-17AF-4D6F-91C2-900FD8576DC8}"
EndProject
Global
	GlobalSection(SolutionConfigurationPlatforms) = preSolution
		Debug|Any CPU = Debug|Any CPU
		Release|Any CPU = Release|Any CPU
	EndGlobalSection
	GlobalSection(ProjectConfigurationPlatforms) = postSolution
		{CA9B585B-A863-4150-B689-D91C72B72D1C}.Debug|Any CPU.ActiveCfg = Debug|Any CPU
		{CA9B585B-A863-4150-B689-D91C72B72D1C}.Debug|Any CPU.Build.0 = Debug|Any CPU
		{CA9B585B-A863-4150-B689-D91C72B72D1C}.Release|Any CPU.ActiveCfg = Release|Any CPU
		{CA9B585B-A863-4150-B689-D91C72B72D1C}.Release|Any CPU.Build.0 = Release|Any CPU
		{CDF680A7-A1E0-48C2-802D-2BD6F80812EE}.Debug|Any CPU.ActiveCfg = Debug|Any CPU
		{CDF680A7-A1E0-48C2-802D-2BD6F80812EE}.Debug|Any CPU.Build.0 = Debug|Any CPU
		{CDF680A7-A1E0-48C2-802D-2BD6F80812EE}.Release|Any CPU.ActiveCfg = Release|Any CPU
		{CDF680A7-A1E0-48C2-802D-2BD6F80812EE}.Release|Any CPU.Build.0 = Release|Any CPU
		{373B4280-17AF-4D6F-91C2-900FD8576DC8}.Debug|Any CPU.ActiveCfg = Debug|Any CPU
		{373B4280-17AF-4D6F-91C2-900FD8576DC8}.Debug|Any CPU.Build.0 = Debug|Any CPU
		{373B4280-17AF-4D6F-91C2-900FD8576DC8}.Release|Any CPU.ActiveCfg = Release|Any CPU
		{373B4280-17AF-4D6F-91C2-900FD8576DC8}.Release|Any CPU.Build.0 = Release|Any CPU
	EndGlobalSection
	GlobalSection(SolutionProperties) = preSolution
		HideSolutionNode = FALSE
	EndGlobalSection
	GlobalSection(ExtensibilityGlobals) = postSolution
		SolutionGuid = {18993302-1892-490B-B7EA-4558003AC9D3}
	EndGlobalSection
EndGlobal
