
Microsoft Visual Studio Solution File, Format Version 12.00
# Visual Studio 15
VisualStudioVersion = 15.0.28307.757
MinimumVisualStudioVersion = 10.0.40219.1
Project("{FAE04EC0-301F-11D3-BF4B-00C04F79EFBC}") = "LTGD_Week03", "LTGD_Week03\LTGD_Week03.csproj", "{BBA65471-2220-4B35-AAA3-801EF14E655F}"
EndProject
Global
	GlobalSection(SolutionConfigurationPlatforms) = preSolution
		Debug|Any CPU = Debug|Any CPU
		Release|Any CPU = Release|Any CPU
	EndGlobalSection
	GlobalSection(ProjectConfigurationPlatforms) = postSolution
		{BBA65471-2220-4B35-AAA3-801EF14E655F}.Debug|Any CPU.ActiveCfg = Debug|Any CPU
		{BBA65471-2220-4B35-AAA3-801EF14E655F}.Debug|Any CPU.Build.0 = Debug|Any CPU
		{BBA65471-2220-4B35-AAA3-801EF14E655F}.Release|Any CPU.ActiveCfg = Release|Any CPU
		{BBA65471-2220-4B35-AAA3-801EF14E655F}.Release|Any CPU.Build.0 = Release|Any CPU
	EndGlobalSection
	GlobalSection(SolutionProperties) = preSolution
		HideSolutionNode = FALSE
	EndGlobalSection
	GlobalSection(ExtensibilityGlobals) = postSolution
		SolutionGuid = {4B73658A-115A-41F1-AFA3-75A54A0EA8E6}
	EndGlobalSection
EndGlobal
